
Microsoft Visual Studio Solution File, Format Version 12.00
# Visual Studio Version 17
VisualStudioVersion = 17.3.32825.248
MinimumVisualStudioVersion = 10.0.40219.1
Project("{FAE04EC0-301F-11D3-BF4B-00C04F79EFBC}") = "ChorbetRemito", "ChorbetRemito\ChorbetRemito.csproj", "{EA498529-85CB-4269-9546-F49330121068}"
EndProject
Project("{FAE04EC0-301F-11D3-BF4B-00C04F79EFBC}") = "Dominio", "Dominio\Dominio.csproj", "{7A086A7B-AAA9-4D41-B206-7E76C7C6C633}"
EndProject
Project("{FAE04EC0-301F-11D3-BF4B-00C04F79EFBC}") = "Modelo", "Modelo\Modelo.csproj", "{F064D6A2-00A9-4FC9-8405-657364BA319E}"
EndProject
Global
	GlobalSection(SolutionConfigurationPlatforms) = preSolution
		Debug|Any CPU = Debug|Any CPU
		Release|Any CPU = Release|Any CPU
	EndGlobalSection
	GlobalSection(ProjectConfigurationPlatforms) = postSolution
		{EA498529-85CB-4269-9546-F49330121068}.Debug|Any CPU.ActiveCfg = Debug|Any CPU
		{EA498529-85CB-4269-9546-F49330121068}.Debug|Any CPU.Build.0 = Debug|Any CPU
		{EA498529-85CB-4269-9546-F49330121068}.Release|Any CPU.ActiveCfg = Release|Any CPU
		{EA498529-85CB-4269-9546-F49330121068}.Release|Any CPU.Build.0 = Release|Any CPU
		{7A086A7B-AAA9-4D41-B206-7E76C7C6C633}.Debug|Any CPU.ActiveCfg = Debug|Any CPU
		{7A086A7B-AAA9-4D41-B206-7E76C7C6C633}.Debug|Any CPU.Build.0 = Debug|Any CPU
		{7A086A7B-AAA9-4D41-B206-7E76C7C6C633}.Release|Any CPU.ActiveCfg = Release|Any CPU
		{7A086A7B-AAA9-4D41-B206-7E76C7C6C633}.Release|Any CPU.Build.0 = Release|Any CPU
		{F064D6A2-00A9-4FC9-8405-657364BA319E}.Debug|Any CPU.ActiveCfg = Debug|Any CPU
		{F064D6A2-00A9-4FC9-8405-657364BA319E}.Debug|Any CPU.Build.0 = Debug|Any CPU
		{F064D6A2-00A9-4FC9-8405-657364BA319E}.Release|Any CPU.ActiveCfg = Release|Any CPU
		{F064D6A2-00A9-4FC9-8405-657364BA319E}.Release|Any CPU.Build.0 = Release|Any CPU
	EndGlobalSection
	GlobalSection(SolutionProperties) = preSolution
		HideSolutionNode = FALSE
	EndGlobalSection
	GlobalSection(ExtensibilityGlobals) = postSolution
		SolutionGuid = {25584E34-2AB2-426A-9B96-CE28A5E57225}
	EndGlobalSection
EndGlobal
